
Microsoft Visual Studio Solution File, Format Version 12.00
# Visual Studio 14
VisualStudioVersion = 14.0.25420.1
MinimumVisualStudioVersion = 10.0.40219.1
Project("{FAE04EC0-301F-11D3-BF4B-00C04F79EFBC}") = "GrovePi", "GrovePi\GrovePi.csproj", "{A667742A-B887-4B46-8EC1-C671E8BEC5E4}"
EndProject
Project("{FAE04EC0-301F-11D3-BF4B-00C04F79EFBC}") = "Driver", "Driver\Driver.csproj", "{6D24EAD0-AF01-4870-B042-FC782A973C46}"
EndProject
Project("{FAE04EC0-301F-11D3-BF4B-00C04F79EFBC}") = "GasSensorMQ2", "Samples\GasSensorMQ2\GasSensorMQ2.csproj", "{D482FC6B-F6F9-42C5-8AF9-3822623D7008}"
EndProject
Project("{FAE04EC0-301F-11D3-BF4B-00C04F79EFBC}") = "LcdRgbDisplay", "Samples\LcdRgbDisplay\LcdRgbDisplay\LcdRgbDisplay.csproj", "{12DF6824-E562-4123-9D57-EEBDBE36A7E4}"
EndProject
Project("{FAE04EC0-301F-11D3-BF4B-00C04F79EFBC}") = "PIRMotionSensor", "Samples\PIRMotionSensor\PIRMotionSensor.csproj", "{A1BA5D2A-FD90-4A08-946D-28DAE22D0DCE}"
EndProject
Global
	GlobalSection(SolutionConfigurationPlatforms) = preSolution
		Debug|ARM = Debug|ARM
		Debug|x64 = Debug|x64
		Debug|x86 = Debug|x86
		Release|ARM = Release|ARM
		Release|x64 = Release|x64
		Release|x86 = Release|x86
	EndGlobalSection
	GlobalSection(ProjectConfigurationPlatforms) = postSolution
		{A667742A-B887-4B46-8EC1-C671E8BEC5E4}.Debug|ARM.ActiveCfg = Debug|ARM
		{A667742A-B887-4B46-8EC1-C671E8BEC5E4}.Debug|ARM.Build.0 = Debug|ARM
		{A667742A-B887-4B46-8EC1-C671E8BEC5E4}.Debug|x64.ActiveCfg = Debug|ARM
		{A667742A-B887-4B46-8EC1-C671E8BEC5E4}.Debug|x86.ActiveCfg = Debug|ARM
		{A667742A-B887-4B46-8EC1-C671E8BEC5E4}.Release|ARM.ActiveCfg = Release|ARM
		{A667742A-B887-4B46-8EC1-C671E8BEC5E4}.Release|ARM.Build.0 = Release|ARM
		{A667742A-B887-4B46-8EC1-C671E8BEC5E4}.Release|x64.ActiveCfg = Release|ARM
		{A667742A-B887-4B46-8EC1-C671E8BEC5E4}.Release|x86.ActiveCfg = Release|ARM
		{6D24EAD0-AF01-4870-B042-FC782A973C46}.Debug|ARM.ActiveCfg = Debug|ARM
		{6D24EAD0-AF01-4870-B042-FC782A973C46}.Debug|ARM.Build.0 = Debug|ARM
		{6D24EAD0-AF01-4870-B042-FC782A973C46}.Debug|ARM.Deploy.0 = Debug|ARM
		{6D24EAD0-AF01-4870-B042-FC782A973C46}.Debug|x64.ActiveCfg = Debug|ARM
		{6D24EAD0-AF01-4870-B042-FC782A973C46}.Debug|x86.ActiveCfg = Debug|ARM
		{6D24EAD0-AF01-4870-B042-FC782A973C46}.Release|ARM.ActiveCfg = Release|ARM
		{6D24EAD0-AF01-4870-B042-FC782A973C46}.Release|ARM.Build.0 = Release|ARM
		{6D24EAD0-AF01-4870-B042-FC782A973C46}.Release|ARM.Deploy.0 = Release|ARM
		{6D24EAD0-AF01-4870-B042-FC782A973C46}.Release|x64.ActiveCfg = Release|ARM
		{6D24EAD0-AF01-4870-B042-FC782A973C46}.Release|x86.ActiveCfg = Release|ARM
		{D482FC6B-F6F9-42C5-8AF9-3822623D7008}.Debug|ARM.ActiveCfg = Debug|ARM
		{D482FC6B-F6F9-42C5-8AF9-3822623D7008}.Debug|ARM.Build.0 = Debug|ARM
		{D482FC6B-F6F9-42C5-8AF9-3822623D7008}.Debug|ARM.Deploy.0 = Debug|ARM
		{D482FC6B-F6F9-42C5-8AF9-3822623D7008}.Debug|x64.ActiveCfg = Debug|x64
		{D482FC6B-F6F9-42C5-8AF9-3822623D7008}.Debug|x64.Build.0 = Debug|x64
		{D482FC6B-F6F9-42C5-8AF9-3822623D7008}.Debug|x64.Deploy.0 = Debug|x64
		{D482FC6B-F6F9-42C5-8AF9-3822623D7008}.Debug|x86.ActiveCfg = Debug|x86
		{D482FC6B-F6F9-42C5-8AF9-3822623D7008}.Debug|x86.Build.0 = Debug|x86
		{D482FC6B-F6F9-42C5-8AF9-3822623D7008}.Debug|x86.Deploy.0 = Debug|x86
		{D482FC6B-F6F9-42C5-8AF9-3822623D7008}.Release|ARM.ActiveCfg = Release|ARM
		{D482FC6B-F6F9-42C5-8AF9-3822623D7008}.Release|ARM.Build.0 = Release|ARM
		{D482FC6B-F6F9-42C5-8AF9-3822623D7008}.Release|ARM.Deploy.0 = Release|ARM
		{D482FC6B-F6F9-42C5-8AF9-3822623D7008}.Release|x64.ActiveCfg = Release|x64
		{D482FC6B-F6F9-42C5-8AF9-3822623D7008}.Release|x64.Build.0 = Release|x64
		{D482FC6B-F6F9-42C5-8AF9-3822623D7008}.Release|x64.Deploy.0 = Release|x64
		{D482FC6B-F6F9-42C5-8AF9-3822623D7008}.Release|x86.ActiveCfg = Release|x86
		{D482FC6B-F6F9-42C5-8AF9-3822623D7008}.Release|x86.Build.0 = Release|x86
		{D482FC6B-F6F9-42C5-8AF9-3822623D7008}.Release|x86.Deploy.0 = Release|x86
		{12DF6824-E562-4123-9D57-EEBDBE36A7E4}.Debug|ARM.ActiveCfg = Debug|ARM
		{12DF6824-E562-4123-9D57-EEBDBE36A7E4}.Debug|ARM.Build.0 = Debug|ARM
		{12DF6824-E562-4123-9D57-EEBDBE36A7E4}.Debug|ARM.Deploy.0 = Debug|ARM
		{12DF6824-E562-4123-9D57-EEBDBE36A7E4}.Debug|x64.ActiveCfg = Debug|x64
		{12DF6824-E562-4123-9D57-EEBDBE36A7E4}.Debug|x64.Build.0 = Debug|x64
		{12DF6824-E562-4123-9D57-EEBDBE36A7E4}.Debug|x64.Deploy.0 = Debug|x64
		{12DF6824-E562-4123-9D57-EEBDBE36A7E4}.Debug|x86.ActiveCfg = Debug|x86
		{12DF6824-E562-4123-9D57-EEBDBE36A7E4}.Debug|x86.Build.0 = Debug|x86
		{12DF6824-E562-4123-9D57-EEBDBE36A7E4}.Debug|x86.Deploy.0 = Debug|x86
		{12DF6824-E562-4123-9D57-EEBDBE36A7E4}.Release|ARM.ActiveCfg = Release|ARM
		{12DF6824-E562-4123-9D57-EEBDBE36A7E4}.Release|ARM.Build.0 = Release|ARM
		{12DF6824-E562-4123-9D57-EEBDBE36A7E4}.Release|ARM.Deploy.0 = Release|ARM
		{12DF6824-E562-4123-9D57-EEBDBE36A7E4}.Release|x64.ActiveCfg = Release|x64
		{12DF6824-E562-4123-9D57-EEBDBE36A7E4}.Release|x64.Build.0 = Release|x64
		{12DF6824-E562-4123-9D57-EEBDBE36A7E4}.Release|x64.Deploy.0 = Release|x64
		{12DF6824-E562-4123-9D57-EEBDBE36A7E4}.Release|x86.ActiveCfg = Release|x86
		{12DF6824-E562-4123-9D57-EEBDBE36A7E4}.Release|x86.Build.0 = Release|x86
		{12DF6824-E562-4123-9D57-EEBDBE36A7E4}.Release|x86.Deploy.0 = Release|x86
		{A1BA5D2A-FD90-4A08-946D-28DAE22D0DCE}.Debug|ARM.ActiveCfg = Debug|ARM
		{A1BA5D2A-FD90-4A08-946D-28DAE22D0DCE}.Debug|ARM.Build.0 = Debug|ARM
		{A1BA5D2A-FD90-4A08-946D-28DAE22D0DCE}.Debug|ARM.Deploy.0 = Debug|ARM
		{A1BA5D2A-FD90-4A08-946D-28DAE22D0DCE}.Debug|x64.ActiveCfg = Debug|x64
		{A1BA5D2A-FD90-4A08-946D-28DAE22D0DCE}.Debug|x64.Build.0 = Debug|x64
		{A1BA5D2A-FD90-4A08-946D-28DAE22D0DCE}.Debug|x64.Deploy.0 = Debug|x64
		{A1BA5D2A-FD90-4A08-946D-28DAE22D0DCE}.Debug|x86.ActiveCfg = Debug|x86
		{A1BA5D2A-FD90-4A08-946D-28DAE22D0DCE}.Debug|x86.Build.0 = Debug|x86
		{A1BA5D2A-FD90-4A08-946D-28DAE22D0DCE}.Debug|x86.Deploy.0 = Debug|x86
		{A1BA5D2A-FD90-4A08-946D-28DAE22D0DCE}.Release|ARM.ActiveCfg = Release|ARM
		{A1BA5D2A-FD90-4A08-946D-28DAE22D0DCE}.Release|ARM.Build.0 = Release|ARM
		{A1BA5D2A-FD90-4A08-946D-28DAE22D0DCE}.Release|ARM.Deploy.0 = Release|ARM
		{A1BA5D2A-FD90-4A08-946D-28DAE22D0DCE}.Release|x64.ActiveCfg = Release|x64
		{A1BA5D2A-FD90-4A08-946D-28DAE22D0DCE}.Release|x64.Build.0 = Release|x64
		{A1BA5D2A-FD90-4A08-946D-28DAE22D0DCE}.Release|x64.Deploy.0 = Release|x64
		{A1BA5D2A-FD90-4A08-946D-28DAE22D0DCE}.Release|x86.ActiveCfg = Release|x86
		{A1BA5D2A-FD90-4A08-946D-28DAE22D0DCE}.Release|x86.Build.0 = Release|x86
		{A1BA5D2A-FD90-4A08-946D-28DAE22D0DCE}.Release|x86.Deploy.0 = Release|x86
	EndGlobalSection
	GlobalSection(SolutionProperties) = preSolution
		HideSolutionNode = FALSE
	EndGlobalSection
EndGlobal
